// !$*UTF8*$!
{
	archiveVersion = 1;
	classes = {
	};
	objectVersion = 56;
	objects = {

/* Begin PBXBuildFile section */
		46E7AF372C1037530006F553 /* MatchMateApp.swift in Sources */ = {isa = PBXBuildFile; fileRef = 46E7AF362C1037530006F553 /* MatchMateApp.swift */; };
		46E7AF392C1037530006F553 /* ContentView.swift in Sources */ = {isa = PBXBuildFile; fileRef = 46E7AF382C1037530006F553 /* ContentView.swift */; };
		46E7AF3B2C1037540006F553 /* Assets.xcassets in Resources */ = {isa = PBXBuildFile; fileRef = 46E7AF3A2C1037540006F553 /* Assets.xcassets */; };
		46E7AF3E2C1037540006F553 /* Preview Assets.xcassets in Resources */ = {isa = PBXBuildFile; fileRef = 46E7AF3D2C1037540006F553 /* Preview Assets.xcassets */; };
		46E7AF482C1037540006F553 /* MatchMateTests.swift in Sources */ = {isa = PBXBuildFile; fileRef = 46E7AF472C1037540006F553 /* MatchMateTests.swift */; };
		46E7AF522C1037540006F553 /* MatchMateUITests.swift in Sources */ = {isa = PBXBuildFile; fileRef = 46E7AF512C1037540006F553 /* MatchMateUITests.swift */; };
		46E7AF542C1037540006F553 /* MatchMateUITestsLaunchTests.swift in Sources */ = {isa = PBXBuildFile; fileRef = 46E7AF532C1037540006F553 /* MatchMateUITestsLaunchTests.swift */; };
		46E7AF632C103B130006F553 /* CardView.swift in Sources */ = {isa = PBXBuildFile; fileRef = 46E7AF622C103B130006F553 /* CardView.swift */; };
		46E7AF652C103CB20006F553 /* UserInfoView.swift in Sources */ = {isa = PBXBuildFile; fileRef = 46E7AF642C103CB20006F553 /* UserInfoView.swift */; };
		46E7AF682C1043020006F553 /* CardStackView.swift in Sources */ = {isa = PBXBuildFile; fileRef = 46E7AF672C1043020006F553 /* CardStackView.swift */; };
		46E7AF6A2C104C7B0006F553 /* ActionButtonView.swift in Sources */ = {isa = PBXBuildFile; fileRef = 46E7AF692C104C7B0006F553 /* ActionButtonView.swift */; };
		46E7AF6C2C1053AF0006F553 /* CardViewList.swift in Sources */ = {isa = PBXBuildFile; fileRef = 46E7AF6B2C1053AF0006F553 /* CardViewList.swift */; };
/* End PBXBuildFile section */

/* Begin PBXContainerItemProxy section */
		46E7AF442C1037540006F553 /* PBXContainerItemProxy */ = {
			isa = PBXContainerItemProxy;
			containerPortal = 46E7AF2B2C1037530006F553 /* Project object */;
			proxyType = 1;
			remoteGlobalIDString = 46E7AF322C1037530006F553;
			remoteInfo = MatchMate;
		};
		46E7AF4E2C1037540006F553 /* PBXContainerItemProxy */ = {
			isa = PBXContainerItemProxy;
			containerPortal = 46E7AF2B2C1037530006F553 /* Project object */;
			proxyType = 1;
			remoteGlobalIDString = 46E7AF322C1037530006F553;
			remoteInfo = MatchMate;
		};
/* End PBXContainerItemProxy section */

/* Begin PBXFileReference section */
		46E7AF332C1037530006F553 /* MatchMate.app */ = {isa = PBXFileReference; explicitFileType = wrapper.application; includeInIndex = 0; path = MatchMate.app; sourceTree = BUILT_PRODUCTS_DIR; };
		46E7AF362C1037530006F553 /* MatchMateApp.swift */ = {isa = PBXFileReference; lastKnownFileType = sourcecode.swift; path = MatchMateApp.swift; sourceTree = "<group>"; };
		46E7AF382C1037530006F553 /* ContentView.swift */ = {isa = PBXFileReference; lastKnownFileType = sourcecode.swift; path = ContentView.swift; sourceTree = "<group>"; };
		46E7AF3A2C1037540006F553 /* Assets.xcassets */ = {isa = PBXFileReference; lastKnownFileType = folder.assetcatalog; path = Assets.xcassets; sourceTree = "<group>"; };
		46E7AF3D2C1037540006F553 /* Preview Assets.xcassets */ = {isa = PBXFileReference; lastKnownFileType = folder.assetcatalog; path = "Preview Assets.xcassets"; sourceTree = "<group>"; };
		46E7AF432C1037540006F553 /* MatchMateTests.xctest */ = {isa = PBXFileReference; explicitFileType = wrapper.cfbundle; includeInIndex = 0; path = MatchMateTests.xctest; sourceTree = BUILT_PRODUCTS_DIR; };
		46E7AF472C1037540006F553 /* MatchMateTests.swift */ = {isa = PBXFileReference; lastKnownFileType = sourcecode.swift; path = MatchMateTests.swift; sourceTree = "<group>"; };
		46E7AF4D2C1037540006F553 /* MatchMateUITests.xctest */ = {isa = PBXFileReference; explicitFileType = wrapper.cfbundle; includeInIndex = 0; path = MatchMateUITests.xctest; sourceTree = BUILT_PRODUCTS_DIR; };
		46E7AF512C1037540006F553 /* MatchMateUITests.swift */ = {isa = PBXFileReference; lastKnownFileType = sourcecode.swift; path = MatchMateUITests.swift; sourceTree = "<group>"; };
		46E7AF532C1037540006F553 /* MatchMateUITestsLaunchTests.swift */ = {isa = PBXFileReference; lastKnownFileType = sourcecode.swift; path = MatchMateUITestsLaunchTests.swift; sourceTree = "<group>"; };
		46E7AF622C103B130006F553 /* CardView.swift */ = {isa = PBXFileReference; lastKnownFileType = sourcecode.swift; path = CardView.swift; sourceTree = "<group>"; };
		46E7AF642C103CB20006F553 /* UserInfoView.swift */ = {isa = PBXFileReference; lastKnownFileType = sourcecode.swift; path = UserInfoView.swift; sourceTree = "<group>"; };
		46E7AF672C1043020006F553 /* CardStackView.swift */ = {isa = PBXFileReference; lastKnownFileType = sourcecode.swift; path = CardStackView.swift; sourceTree = "<group>"; };
		46E7AF692C104C7B0006F553 /* ActionButtonView.swift */ = {isa = PBXFileReference; lastKnownFileType = sourcecode.swift; path = ActionButtonView.swift; sourceTree = "<group>"; };
		46E7AF6B2C1053AF0006F553 /* CardViewList.swift */ = {isa = PBXFileReference; lastKnownFileType = sourcecode.swift; path = CardViewList.swift; sourceTree = "<group>"; };
/* End PBXFileReference section */

/* Begin PBXFrameworksBuildPhase section */
		46E7AF302C1037530006F553 /* Frameworks */ = {
			isa = PBXFrameworksBuildPhase;
			buildActionMask = 2147483647;
			files = (
			);
			runOnlyForDeploymentPostprocessing = 0;
		};
		46E7AF402C1037540006F553 /* Frameworks */ = {
			isa = PBXFrameworksBuildPhase;
			buildActionMask = 2147483647;
			files = (
			);
			runOnlyForDeploymentPostprocessing = 0;
		};
		46E7AF4A2C1037540006F553 /* Frameworks */ = {
			isa = PBXFrameworksBuildPhase;
			buildActionMask = 2147483647;
			files = (
			);
			runOnlyForDeploymentPostprocessing = 0;
		};
/* End PBXFrameworksBuildPhase section */

/* Begin PBXGroup section */
		46E7AF2A2C1037530006F553 = {
			isa = PBXGroup;
			children = (
				46E7AF352C1037530006F553 /* MatchMate */,
				46E7AF462C1037540006F553 /* MatchMateTests */,
				46E7AF502C1037540006F553 /* MatchMateUITests */,
				46E7AF342C1037530006F553 /* Products */,
			);
			sourceTree = "<group>";
		};
		46E7AF342C1037530006F553 /* Products */ = {
			isa = PBXGroup;
			children = (
				46E7AF332C1037530006F553 /* MatchMate.app */,
				46E7AF432C1037540006F553 /* MatchMateTests.xctest */,
				46E7AF4D2C1037540006F553 /* MatchMateUITests.xctest */,
			);
			name = Products;
			sourceTree = "<group>";
		};
		46E7AF352C1037530006F553 /* MatchMate */ = {
			isa = PBXGroup;
			children = (
				46E7AF602C103A690006F553 /* Cards */,
				46E7AF362C1037530006F553 /* MatchMateApp.swift */,
				46E7AF382C1037530006F553 /* ContentView.swift */,
				46E7AF3A2C1037540006F553 /* Assets.xcassets */,
				46E7AF3C2C1037540006F553 /* Preview Content */,
			);
			path = MatchMate;
			sourceTree = "<group>";
		};
		46E7AF3C2C1037540006F553 /* Preview Content */ = {
			isa = PBXGroup;
			children = (
				46E7AF3D2C1037540006F553 /* Preview Assets.xcassets */,
			);
			path = "Preview Content";
			sourceTree = "<group>";
		};
		46E7AF462C1037540006F553 /* MatchMateTests */ = {
			isa = PBXGroup;
			children = (
				46E7AF472C1037540006F553 /* MatchMateTests.swift */,
			);
			path = MatchMateTests;
			sourceTree = "<group>";
		};
		46E7AF502C1037540006F553 /* MatchMateUITests */ = {
			isa = PBXGroup;
			children = (
				46E7AF512C1037540006F553 /* MatchMateUITests.swift */,
				46E7AF532C1037540006F553 /* MatchMateUITestsLaunchTests.swift */,
			);
			path = MatchMateUITests;
			sourceTree = "<group>";
		};
		46E7AF602C103A690006F553 /* Cards */ = {
			isa = PBXGroup;
			children = (
				46E7AF612C103B000006F553 /* Views */,
			);
			path = Cards;
			sourceTree = "<group>";
		};
		46E7AF612C103B000006F553 /* Views */ = {
			isa = PBXGroup;
			children = (
				46E7AF622C103B130006F553 /* CardView.swift */,
				46E7AF642C103CB20006F553 /* UserInfoView.swift */,
				46E7AF672C1043020006F553 /* CardStackView.swift */,
				46E7AF692C104C7B0006F553 /* ActionButtonView.swift */,
				46E7AF6B2C1053AF0006F553 /* CardViewList.swift */,
			);
			path = Views;
			sourceTree = "<group>";
		};
/* End PBXGroup section */

/* Begin PBXNativeTarget section */
		46E7AF322C1037530006F553 /* MatchMate */ = {
			isa = PBXNativeTarget;
			buildConfigurationList = 46E7AF572C1037550006F553 /* Build configuration list for PBXNativeTarget "MatchMate" */;
			buildPhases = (
				46E7AF2F2C1037530006F553 /* Sources */,
				46E7AF302C1037530006F553 /* Frameworks */,
				46E7AF312C1037530006F553 /* Resources */,
			);
			buildRules = (
			);
			dependencies = (
			);
			name = MatchMate;
			productName = MatchMate;
			productReference = 46E7AF332C1037530006F553 /* MatchMate.app */;
			productType = "com.apple.product-type.application";
		};
		46E7AF422C1037540006F553 /* MatchMateTests */ = {
			isa = PBXNativeTarget;
			buildConfigurationList = 46E7AF5A2C1037550006F553 /* Build configuration list for PBXNativeTarget "MatchMateTests" */;
			buildPhases = (
				46E7AF3F2C1037540006F553 /* Sources */,
				46E7AF402C1037540006F553 /* Frameworks */,
				46E7AF412C1037540006F553 /* Resources */,
			);
			buildRules = (
			);
			dependencies = (
				46E7AF452C1037540006F553 /* PBXTargetDependency */,
			);
			name = MatchMateTests;
			productName = MatchMateTests;
			productReference = 46E7AF432C1037540006F553 /* MatchMateTests.xctest */;
			productType = "com.apple.product-type.bundle.unit-test";
		};
		46E7AF4C2C1037540006F553 /* MatchMateUITests */ = {
			isa = PBXNativeTarget;
			buildConfigurationList = 46E7AF5D2C1037550006F553 /* Build configuration list for PBXNativeTarget "MatchMateUITests" */;
			buildPhases = (
				46E7AF492C1037540006F553 /* Sources */,
				46E7AF4A2C1037540006F553 /* Frameworks */,
				46E7AF4B2C1037540006F553 /* Resources */,
			);
			buildRules = (
			);
			dependencies = (
				46E7AF4F2C1037540006F553 /* PBXTargetDependency */,
			);
			name = MatchMateUITests;
			productName = MatchMateUITests;
			productReference = 46E7AF4D2C1037540006F553 /* MatchMateUITests.xctest */;
			productType = "com.apple.product-type.bundle.ui-testing";
		};
/* End PBXNativeTarget section */

/* Begin PBXProject section */
		46E7AF2B2C1037530006F553 /* Project object */ = {
			isa = PBXProject;
			attributes = {
				BuildIndependentTargetsInParallel = 1;
				LastSwiftUpdateCheck = 1530;
				LastUpgradeCheck = 1530;
				TargetAttributes = {
					46E7AF322C1037530006F553 = {
						CreatedOnToolsVersion = 15.3;
					};
					46E7AF422C1037540006F553 = {
						CreatedOnToolsVersion = 15.3;
						TestTargetID = 46E7AF322C1037530006F553;
					};
					46E7AF4C2C1037540006F553 = {
						CreatedOnToolsVersion = 15.3;
						TestTargetID = 46E7AF322C1037530006F553;
					};
				};
			};
			buildConfigurationList = 46E7AF2E2C1037530006F553 /* Build configuration list for PBXProject "MatchMate" */;
			compatibilityVersion = "Xcode 14.0";
			developmentRegion = en;
			hasScannedForEncodings = 0;
			knownRegions = (
				en,
				Base,
			);
			mainGroup = 46E7AF2A2C1037530006F553;
			productRefGroup = 46E7AF342C1037530006F553 /* Products */;
			projectDirPath = "";
			projectRoot = "";
			targets = (
				46E7AF322C1037530006F553 /* MatchMate */,
				46E7AF422C1037540006F553 /* MatchMateTests */,
				46E7AF4C2C1037540006F553 /* MatchMateUITests */,
			);
		};
/* End PBXProject section */

/* Begin PBXResourcesBuildPhase section */
		46E7AF312C1037530006F553 /* Resources */ = {
			isa = PBXResourcesBuildPhase;
			buildActionMask = 2147483647;
			files = (
				46E7AF3E2C1037540006F553 /* Preview Assets.xcassets in Resources */,
				46E7AF3B2C1037540006F553 /* Assets.xcassets in Resources */,
			);
			runOnlyForDeploymentPostprocessing = 0;
		};
		46E7AF412C1037540006F553 /* Resources */ = {
			isa = PBXResourcesBuildPhase;
			buildActionMask = 2147483647;
			files = (
			);
			runOnlyForDeploymentPostprocessing = 0;
		};
		46E7AF4B2C1037540006F553 /* Resources */ = {
			isa = PBXResourcesBuildPhase;
			buildActionMask = 2147483647;
			files = (
			);
			runOnlyForDeploymentPostprocessing = 0;
		};
/* End PBXResourcesBuildPhase section */

/* Begin PBXSourcesBuildPhase section */
		46E7AF2F2C1037530006F553 /* Sources */ = {
			isa = PBXSourcesBuildPhase;
			buildActionMask = 2147483647;
			files = (
				46E7AF6A2C104C7B0006F553 /* ActionButtonView.swift in Sources */,
				46E7AF682C1043020006F553 /* CardStackView.swift in Sources */,
				46E7AF392C1037530006F553 /* ContentView.swift in Sources */,
				46E7AF632C103B130006F553 /* CardView.swift in Sources */,
				46E7AF6C2C1053AF0006F553 /* CardViewList.swift in Sources */,
				46E7AF372C1037530006F553 /* MatchMateApp.swift in Sources */,
				46E7AF652C103CB20006F553 /* UserInfoView.swift in Sources */,
			);
			runOnlyForDeploymentPostprocessing = 0;
		};
		46E7AF3F2C1037540006F553 /* Sources */ = {
			isa = PBXSourcesBuildPhase;
			buildActionMask = 2147483647;
			files = (
				46E7AF482C1037540006F553 /* MatchMateTests.swift in Sources */,
			);
			runOnlyForDeploymentPostprocessing = 0;
		};
		46E7AF492C1037540006F553 /* Sources */ = {
			isa = PBXSourcesBuildPhase;
			buildActionMask = 2147483647;
			files = (
				46E7AF522C1037540006F553 /* MatchMateUITests.swift in Sources */,
				46E7AF542C1037540006F553 /* MatchMateUITestsLaunchTests.swift in Sources */,
			);
			runOnlyForDeploymentPostprocessing = 0;
		};
/* End PBXSourcesBuildPhase section */

/* Begin PBXTargetDependency section */
		46E7AF452C1037540006F553 /* PBXTargetDependency */ = {
			isa = PBXTargetDependency;
			target = 46E7AF322C1037530006F553 /* MatchMate */;
			targetProxy = 46E7AF442C1037540006F553 /* PBXContainerItemProxy */;
		};
		46E7AF4F2C1037540006F553 /* PBXTargetDependency */ = {
			isa = PBXTargetDependency;
			target = 46E7AF322C1037530006F553 /* MatchMate */;
			targetProxy = 46E7AF4E2C1037540006F553 /* PBXContainerItemProxy */;
		};
/* End PBXTargetDependency section */

/* Begin XCBuildConfiguration section */
		46E7AF552C1037550006F553 /* Debug */ = {
			isa = XCBuildConfiguration;
			buildSettings = {
				ALWAYS_SEARCH_USER_PATHS = NO;
				ASSETCATALOG_COMPILER_GENERATE_SWIFT_ASSET_SYMBOL_EXTENSIONS = YES;
				CLANG_ANALYZER_NONNULL = YES;
				CLANG_ANALYZER_NUMBER_OBJECT_CONVERSION = YES_AGGRESSIVE;
				CLANG_CXX_LANGUAGE_STANDARD = "gnu++20";
				CLANG_ENABLE_MODULES = YES;
				CLANG_ENABLE_OBJC_ARC = YES;
				CLANG_ENABLE_OBJC_WEAK = YES;
				CLANG_WARN_BLOCK_CAPTURE_AUTORELEASING = YES;
				CLANG_WARN_BOOL_CONVERSION = YES;
				CLANG_WARN_COMMA = YES;
				CLANG_WARN_CONSTANT_CONVERSION = YES;
				CLANG_WARN_DEPRECATED_OBJC_IMPLEMENTATIONS = YES;
				CLANG_WARN_DIRECT_OBJC_ISA_USAGE = YES_ERROR;
				CLANG_WARN_DOCUMENTATION_COMMENTS = YES;
				CLANG_WARN_EMPTY_BODY = YES;
				CLANG_WARN_ENUM_CONVERSION = YES;
				CLANG_WARN_INFINITE_RECURSION = YES;
				CLANG_WARN_INT_CONVERSION = YES;
				CLANG_WARN_NON_LITERAL_NULL_CONVERSION = YES;
				CLANG_WARN_OBJC_IMPLICIT_RETAIN_SELF = YES;
				CLANG_WARN_OBJC_LITERAL_CONVERSION = YES;
				CLANG_WARN_OBJC_ROOT_CLASS = YES_ERROR;
				CLANG_WARN_QUOTED_INCLUDE_IN_FRAMEWORK_HEADER = YES;
				CLANG_WARN_RANGE_LOOP_ANALYSIS = YES;
				CLANG_WARN_STRICT_PROTOTYPES = YES;
				CLANG_WARN_SUSPICIOUS_MOVE = YES;
				CLANG_WARN_UNGUARDED_AVAILABILITY = YES_AGGRESSIVE;
				CLANG_WARN_UNREACHABLE_CODE = YES;
				CLANG_WARN__DUPLICATE_METHOD_MATCH = YES;
				COPY_PHASE_STRIP = NO;
				DEBUG_INFORMATION_FORMAT = dwarf;
				ENABLE_STRICT_OBJC_MSGSEND = YES;
				ENABLE_TESTABILITY = YES;
				ENABLE_USER_SCRIPT_SANDBOXING = YES;
				GCC_C_LANGUAGE_STANDARD = gnu17;
				GCC_DYNAMIC_NO_PIC = NO;
				GCC_NO_COMMON_BLOCKS = YES;
				GCC_OPTIMIZATION_LEVEL = 0;
				GCC_PREPROCESSOR_DEFINITIONS = (
					"DEBUG=1",
					"$(inherited)",
				);
				GCC_WARN_64_TO_32_BIT_CONVERSION = YES;
				GCC_WARN_ABOUT_RETURN_TYPE = YES_ERROR;
				GCC_WARN_UNDECLARED_SELECTOR = YES;
				GCC_WARN_UNINITIALIZED_AUTOS = YES_AGGRESSIVE;
				GCC_WARN_UNUSED_FUNCTION = YES;
				GCC_WARN_UNUSED_VARIABLE = YES;
				IPHONEOS_DEPLOYMENT_TARGET = 17.4;
				LOCALIZATION_PREFERS_STRING_CATALOGS = YES;
				MTL_ENABLE_DEBUG_INFO = INCLUDE_SOURCE;
				MTL_FAST_MATH = YES;
				ONLY_ACTIVE_ARCH = YES;
				SDKROOT = iphoneos;
				SWIFT_ACTIVE_COMPILATION_CONDITIONS = "DEBUG $(inherited)";
				SWIFT_OPTIMIZATION_LEVEL = "-Onone";
			};
			name = Debug;
		};
		46E7AF562C1037550006F553 /* Release */ = {
			isa = XCBuildConfiguration;
			buildSettings = {
				ALWAYS_SEARCH_USER_PATHS = NO;
				ASSETCATALOG_COMPILER_GENERATE_SWIFT_ASSET_SYMBOL_EXTENSIONS = YES;
				CLANG_ANALYZER_NONNULL = YES;
				CLANG_ANALYZER_NUMBER_OBJECT_CONVERSION = YES_AGGRESSIVE;
				CLANG_CXX_LANGUAGE_STANDARD = "gnu++20";
				CLANG_ENABLE_MODULES = YES;
				CLANG_ENABLE_OBJC_ARC = YES;
				CLANG_ENABLE_OBJC_WEAK = YES;
				CLANG_WARN_BLOCK_CAPTURE_AUTORELEASING = YES;
				CLANG_WARN_BOOL_CONVERSION = YES;
				CLANG_WARN_COMMA = YES;
				CLANG_WARN_CONSTANT_CONVERSION = YES;
				CLANG_WARN_DEPRECATED_OBJC_IMPLEMENTATIONS = YES;
				CLANG_WARN_DIRECT_OBJC_ISA_USAGE = YES_ERROR;
				CLANG_WARN_DOCUMENTATION_COMMENTS = YES;
				CLANG_WARN_EMPTY_BODY = YES;
				CLANG_WARN_ENUM_CONVERSION = YES;
				CLANG_WARN_INFINITE_RECURSION = YES;
				CLANG_WARN_INT_CONVERSION = YES;
				CLANG_WARN_NON_LITERAL_NULL_CONVERSION = YES;
				CLANG_WARN_OBJC_IMPLICIT_RETAIN_SELF = YES;
				CLANG_WARN_OBJC_LITERAL_CONVERSION = YES;
				CLANG_WARN_OBJC_ROOT_CLASS = YES_ERROR;
				CLANG_WARN_QUOTED_INCLUDE_IN_FRAMEWORK_HEADER = YES;
				CLANG_WARN_RANGE_LOOP_ANALYSIS = YES;
				CLANG_WARN_STRICT_PROTOTYPES = YES;
				CLANG_WARN_SUSPICIOUS_MOVE = YES;
				CLANG_WARN_UNGUARDED_AVAILABILITY = YES_AGGRESSIVE;
				CLANG_WARN_UNREACHABLE_CODE = YES;
				CLANG_WARN__DUPLICATE_METHOD_MATCH = YES;
				COPY_PHASE_STRIP = NO;
				DEBUG_INFORMATION_FORMAT = "dwarf-with-dsym";
				ENABLE_NS_ASSERTIONS = NO;
				ENABLE_STRICT_OBJC_MSGSEND = YES;
				ENABLE_USER_SCRIPT_SANDBOXING = YES;
				GCC_C_LANGUAGE_STANDARD = gnu17;
				GCC_NO_COMMON_BLOCKS = YES;
				GCC_WARN_64_TO_32_BIT_CONVERSION = YES;
				GCC_WARN_ABOUT_RETURN_TYPE = YES_ERROR;
				GCC_WARN_UNDECLARED_SELECTOR = YES;
				GCC_WARN_UNINITIALIZED_AUTOS = YES_AGGRESSIVE;
				GCC_WARN_UNUSED_FUNCTION = YES;
				GCC_WARN_UNUSED_VARIABLE = YES;
				IPHONEOS_DEPLOYMENT_TARGET = 17.4;
				LOCALIZATION_PREFERS_STRING_CATALOGS = YES;
				MTL_ENABLE_DEBUG_INFO = NO;
				MTL_FAST_MATH = YES;
				SDKROOT = iphoneos;
				SWIFT_COMPILATION_MODE = wholemodule;
				VALIDATE_PRODUCT = YES;
			};
			name = Release;
		};
		46E7AF582C1037550006F553 /* Debug */ = {
			isa = XCBuildConfiguration;
			buildSettings = {
				ASSETCATALOG_COMPILER_APPICON_NAME = AppIcon;
				ASSETCATALOG_COMPILER_GLOBAL_ACCENT_COLOR_NAME = AccentColor;
				CODE_SIGN_STYLE = Automatic;
				CURRENT_PROJECT_VERSION = 1;
				DEVELOPMENT_ASSET_PATHS = "\"MatchMate/Preview Content\"";
				ENABLE_PREVIEWS = YES;
				GENERATE_INFOPLIST_FILE = YES;
				INFOPLIST_KEY_UIApplicationSceneManifest_Generation = YES;
				INFOPLIST_KEY_UIApplicationSupportsIndirectInputEvents = YES;
				INFOPLIST_KEY_UILaunchScreen_Generation = YES;
				INFOPLIST_KEY_UISupportedInterfaceOrientations_iPad = "UIInterfaceOrientationPortrait UIInterfaceOrientationPortraitUpsideDown UIInterfaceOrientationLandscapeLeft UIInterfaceOrientationLandscapeRight";
				INFOPLIST_KEY_UISupportedInterfaceOrientations_iPhone = "UIInterfaceOrientationPortrait UIInterfaceOrientationLandscapeLeft UIInterfaceOrientationLandscapeRight";
				LD_RUNPATH_SEARCH_PATHS = (
					"$(inherited)",
					"@executable_path/Frameworks",
				);
				MARKETING_VERSION = 1.0;
				PRODUCT_BUNDLE_IDENTIFIER = co.MatchMate;
				PRODUCT_NAME = "$(TARGET_NAME)";
				SWIFT_EMIT_LOC_STRINGS = YES;
				SWIFT_VERSION = 5.0;
				TARGETED_DEVICE_FAMILY = "1,2";
			};
			name = Debug;
		};
		46E7AF592C1037550006F553 /* Release */ = {
			isa = XCBuildConfiguration;
			buildSettings = {
				ASSETCATALOG_COMPILER_APPICON_NAME = AppIcon;
				ASSETCATALOG_COMPILER_GLOBAL_ACCENT_COLOR_NAME = AccentColor;
				CODE_SIGN_STYLE = Automatic;
				CURRENT_PROJECT_VERSION = 1;
				DEVELOPMENT_ASSET_PATHS = "\"MatchMate/Preview Content\"";
				ENABLE_PREVIEWS = YES;
				GENERATE_INFOPLIST_FILE = YES;
				INFOPLIST_KEY_UIApplicationSceneManifest_Generation = YES;
				INFOPLIST_KEY_UIApplicationSupportsIndirectInputEvents = YES;
				INFOPLIST_KEY_UILaunchScreen_Generation = YES;
				INFOPLIST_KEY_UISupportedInterfaceOrientations_iPad = "UIInterfaceOrientationPortrait UIInterfaceOrientationPortraitUpsideDown UIInterfaceOrientationLandscapeLeft UIInterfaceOrientationLandscapeRight";
				INFOPLIST_KEY_UISupportedInterfaceOrientations_iPhone = "UIInterfaceOrientationPortrait UIInterfaceOrientationLandscapeLeft UIInterfaceOrientationLandscapeRight";
				LD_RUNPATH_SEARCH_PATHS = (
					"$(inherited)",
					"@executable_path/Frameworks",
				);
				MARKETING_VERSION = 1.0;
				PRODUCT_BUNDLE_IDENTIFIER = co.MatchMate;
				PRODUCT_NAME = "$(TARGET_NAME)";
				SWIFT_EMIT_LOC_STRINGS = YES;
				SWIFT_VERSION = 5.0;
				TARGETED_DEVICE_FAMILY = "1,2";
			};
			name = Release;
		};
		46E7AF5B2C1037550006F553 /* Debug */ = {
			isa = XCBuildConfiguration;
			buildSettings = {
				ALWAYS_EMBED_SWIFT_STANDARD_LIBRARIES = YES;
				BUNDLE_LOADER = "$(TEST_HOST)";
				CODE_SIGN_STYLE = Automatic;
				CURRENT_PROJECT_VERSION = 1;
				GENERATE_INFOPLIST_FILE = YES;
				IPHONEOS_DEPLOYMENT_TARGET = 17.4;
				MARKETING_VERSION = 1.0;
				PRODUCT_BUNDLE_IDENTIFIER = co.MatchMateTests;
				PRODUCT_NAME = "$(TARGET_NAME)";
				SWIFT_EMIT_LOC_STRINGS = NO;
				SWIFT_VERSION = 5.0;
				TARGETED_DEVICE_FAMILY = "1,2";
				TEST_HOST = "$(BUILT_PRODUCTS_DIR)/MatchMate.app/$(BUNDLE_EXECUTABLE_FOLDER_PATH)/MatchMate";
			};
			name = Debug;
		};
		46E7AF5C2C1037550006F553 /* Release */ = {
			isa = XCBuildConfiguration;
			buildSettings = {
				ALWAYS_EMBED_SWIFT_STANDARD_LIBRARIES = YES;
				BUNDLE_LOADER = "$(TEST_HOST)";
				CODE_SIGN_STYLE = Automatic;
				CURRENT_PROJECT_VERSION = 1;
				GENERATE_INFOPLIST_FILE = YES;
				IPHONEOS_DEPLOYMENT_TARGET = 17.4;
				MARKETING_VERSION = 1.0;
				PRODUCT_BUNDLE_IDENTIFIER = co.MatchMateTests;
				PRODUCT_NAME = "$(TARGET_NAME)";
				SWIFT_EMIT_LOC_STRINGS = NO;
				SWIFT_VERSION = 5.0;
				TARGETED_DEVICE_FAMILY = "1,2";
				TEST_HOST = "$(BUILT_PRODUCTS_DIR)/MatchMate.app/$(BUNDLE_EXECUTABLE_FOLDER_PATH)/MatchMate";
			};
			name = Release;
		};
		46E7AF5E2C1037550006F553 /* Debug */ = {
			isa = XCBuildConfiguration;
			buildSettings = {
				ALWAYS_EMBED_SWIFT_STANDARD_LIBRARIES = YES;
				CODE_SIGN_STYLE = Automatic;
				CURRENT_PROJECT_VERSION = 1;
				GENERATE_INFOPLIST_FILE = YES;
				MARKETING_VERSION = 1.0;
				PRODUCT_BUNDLE_IDENTIFIER = co.MatchMateUITests;
				PRODUCT_NAME = "$(TARGET_NAME)";
				SWIFT_EMIT_LOC_STRINGS = NO;
				SWIFT_VERSION = 5.0;
				TARGETED_DEVICE_FAMILY = "1,2";
				TEST_TARGET_NAME = MatchMate;
			};
			name = Debug;
		};
		46E7AF5F2C1037550006F553 /* Release */ = {
			isa = XCBuildConfiguration;
			buildSettings = {
				ALWAYS_EMBED_SWIFT_STANDARD_LIBRARIES = YES;
				CODE_SIGN_STYLE = Automatic;
				CURRENT_PROJECT_VERSION = 1;
				GENERATE_INFOPLIST_FILE = YES;
				MARKETING_VERSION = 1.0;
				PRODUCT_BUNDLE_IDENTIFIER = co.MatchMateUITests;
				PRODUCT_NAME = "$(TARGET_NAME)";
				SWIFT_EMIT_LOC_STRINGS = NO;
				SWIFT_VERSION = 5.0;
				TARGETED_DEVICE_FAMILY = "1,2";
				TEST_TARGET_NAME = MatchMate;
			};
			name = Release;
		};
/* End XCBuildConfiguration section */

/* Begin XCConfigurationList section */
		46E7AF2E2C1037530006F553 /* Build configuration list for PBXProject "MatchMate" */ = {
			isa = XCConfigurationList;
			buildConfigurations = (
				46E7AF552C1037550006F553 /* Debug */,
				46E7AF562C1037550006F553 /* Release */,
			);
			defaultConfigurationIsVisible = 0;
			defaultConfigurationName = Release;
		};
		46E7AF572C1037550006F553 /* Build configuration list for PBXNativeTarget "MatchMate" */ = {
			isa = XCConfigurationList;
			buildConfigurations = (
				46E7AF582C1037550006F553 /* Debug */,
				46E7AF592C1037550006F553 /* Release */,
			);
			defaultConfigurationIsVisible = 0;
			defaultConfigurationName = Release;
		};
		46E7AF5A2C1037550006F553 /* Build configuration list for PBXNativeTarget "MatchMateTests" */ = {
			isa = XCConfigurationList;
			buildConfigurations = (
				46E7AF5B2C1037550006F553 /* Debug */,
				46E7AF5C2C1037550006F553 /* Release */,
			);
			defaultConfigurationIsVisible = 0;
			defaultConfigurationName = Release;
		};
		46E7AF5D2C1037550006F553 /* Build configuration list for PBXNativeTarget "MatchMateUITests" */ = {
			isa = XCConfigurationList;
			buildConfigurations = (
				46E7AF5E2C1037550006F553 /* Debug */,
				46E7AF5F2C1037550006F553 /* Release */,
			);
			defaultConfigurationIsVisible = 0;
			defaultConfigurationName = Release;
		};
/* End XCConfigurationList section */
	};
	rootObject = 46E7AF2B2C1037530006F553 /* Project object */;
}
